
Microsoft Visual Studio Solution File, Format Version 12.00
# Visual Studio Version 16
VisualStudioVersion = 16.0.30225.117
MinimumVisualStudioVersion = 10.0.40219.1
Project("{FAE04EC0-301F-11D3-BF4B-00C04F79EFBC}") = "SendTopicMessages", "SendTopicMessages\SendTopicMessages.csproj", "{9F0F6724-CF90-4475-BD44-D1696399F82B}"
EndProject
Project("{FAE04EC0-301F-11D3-BF4B-00C04F79EFBC}") = "ReceiveSubscriberMessages", "ReceiveSubscriberMessages\ReceiveSubscriberMessages.csproj", "{43AD4F03-894E-4CFE-A483-96F7676566B1}"
EndProject
Global
	GlobalSection(SolutionConfigurationPlatforms) = preSolution
		Debug|Any CPU = Debug|Any CPU
		Release|Any CPU = Release|Any CPU
	EndGlobalSection
	GlobalSection(ProjectConfigurationPlatforms) = postSolution
		{9F0F6724-CF90-4475-BD44-D1696399F82B}.Debug|Any CPU.ActiveCfg = Debug|Any CPU
		{9F0F6724-CF90-4475-BD44-D1696399F82B}.Debug|Any CPU.Build.0 = Debug|Any CPU
		{9F0F6724-CF90-4475-BD44-D1696399F82B}.Release|Any CPU.ActiveCfg = Release|Any CPU
		{9F0F6724-CF90-4475-BD44-D1696399F82B}.Release|Any CPU.Build.0 = Release|Any CPU
		{43AD4F03-894E-4CFE-A483-96F7676566B1}.Debug|Any CPU.ActiveCfg = Debug|Any CPU
		{43AD4F03-894E-4CFE-A483-96F7676566B1}.Debug|Any CPU.Build.0 = Debug|Any CPU
		{43AD4F03-894E-4CFE-A483-96F7676566B1}.Release|Any CPU.ActiveCfg = Release|Any CPU
		{43AD4F03-894E-4CFE-A483-96F7676566B1}.Release|Any CPU.Build.0 = Release|Any CPU
	EndGlobalSection
	GlobalSection(SolutionProperties) = preSolution
		HideSolutionNode = FALSE
	EndGlobalSection
	GlobalSection(ExtensibilityGlobals) = postSolution
		SolutionGuid = {DE26F483-9D42-48C8-B357-A5CEAF32A413}
	EndGlobalSection
EndGlobal
